
Microsoft Visual Studio Solution File, Format Version 12.00
# Visual Studio 14
VisualStudioVersion = 14.0.24720.0
MinimumVisualStudioVersion = 10.0.40219.1
Project("{FAE04EC0-301F-11D3-BF4B-00C04F79EFBC}") = "ConsoleApp", "Design_patterns_part1\ConsoleApp.csproj", "{67237798-63C7-40CF-AD9E-F7EB44C5366C}"
EndProject
Project("{FAE04EC0-301F-11D3-BF4B-00C04F79EFBC}") = "BusinessLogic", "BusinessLogic\BusinessLogic.csproj", "{585A0852-3E11-4B80-AEC1-01EBB4BDCE97}"
EndProject
Global
	GlobalSection(SolutionConfigurationPlatforms) = preSolution
		Debug|Any CPU = Debug|Any CPU
		Release|Any CPU = Release|Any CPU
	EndGlobalSection
	GlobalSection(ProjectConfigurationPlatforms) = postSolution
		{67237798-63C7-40CF-AD9E-F7EB44C5366C}.Debug|Any CPU.ActiveCfg = Debug|Any CPU
		{67237798-63C7-40CF-AD9E-F7EB44C5366C}.Debug|Any CPU.Build.0 = Debug|Any CPU
		{67237798-63C7-40CF-AD9E-F7EB44C5366C}.Release|Any CPU.ActiveCfg = Release|Any CPU
		{67237798-63C7-40CF-AD9E-F7EB44C5366C}.Release|Any CPU.Build.0 = Release|Any CPU
		{585A0852-3E11-4B80-AEC1-01EBB4BDCE97}.Debug|Any CPU.ActiveCfg = Debug|Any CPU
		{585A0852-3E11-4B80-AEC1-01EBB4BDCE97}.Debug|Any CPU.Build.0 = Debug|Any CPU
		{585A0852-3E11-4B80-AEC1-01EBB4BDCE97}.Release|Any CPU.ActiveCfg = Release|Any CPU
		{585A0852-3E11-4B80-AEC1-01EBB4BDCE97}.Release|Any CPU.Build.0 = Release|Any CPU
	EndGlobalSection
	GlobalSection(SolutionProperties) = preSolution
		HideSolutionNode = FALSE
	EndGlobalSection
EndGlobal
